{
  "name": "weeklyIngestor",
  "lockfileVersion": 3,
  "requires": true,
  "packages": {
    "": {
      "dependencies": {
        "@tanstack/react-query": "^5.85.2",
        "@tanstack/react-query-devtools": "^5.85.2"
      }
    },
    "node_modules/@tanstack/query-core": {
      "version": "5.85.2",
      "resolved": "https://registry.npmjs.org/@tanstack/query-core/-/query-core-5.85.2.tgz",
      "integrity": "sha512-h9vFUVYKoNNgXzb5mK4dP686yawJp9CLLTMjB2PF4KA1D5AbUI2KfxnxBdEQKnLwzzMjmBpucmmsGChZK7RqcQ==",
      "license": "MIT",
      "funding": {
        "type": "github",
        "url": "https://github.com/sponsors/tannerlinsley"
      }
    },
    "node_modules/@tanstack/query-devtools": {
      "version": "5.84.0",
      "resolved": "https://registry.npmjs.org/@tanstack/query-devtools/-/query-devtools-5.84.0.tgz",
      "integrity": "sha512-fbF3n+z1rqhvd9EoGp5knHkv3p5B2Zml1yNRjh7sNXklngYI5RVIWUrUjZ1RIcEoscarUb0+bOvIs5x9dwzOXQ==",
      "license": "MIT",
      "funding": {
        "type": "github",
        "url": "https://github.com/sponsors/tannerlinsley"
      }
    },
    "node_modules/@tanstack/react-query": {
      "version": "5.85.2",
      "resolved": "https://registry.npmjs.org/@tanstack/react-query/-/react-query-5.85.2.tgz",
      "integrity": "sha512-B/sLNHkhGi3hVZg3xsH82sCSkEqdyfZXBrkumo7FeIKuXgsCRp4tmLSCC/2YU/oPyQuoVGzQhyzM8p3UjO19kw==",
      "license": "MIT",
      "dependencies": {
        "@tanstack/query-core": "5.85.2"
      },
      "funding": {
        "type": "github",
        "url": "https://github.com/sponsors/tannerlinsley"
      },
      "peerDependencies": {
        "react": "^18 || ^19"
      }
    },
    "node_modules/@tanstack/react-query-devtools": {
      "version": "5.85.2",
      "resolved": "https://registry.npmjs.org/@tanstack/react-query-devtools/-/react-query-devtools-5.85.2.tgz",
      "integrity": "sha512-vUcfAcOW5vqWfeb4ZlyiWgtKSLDtHg6hBEuRi7LH0HpsNLgR6HncP2HwRxPcVZo6OxpSEv6gJ4Z5H8qmFJMs9A==",
      "license": "MIT",
      "dependencies": {
        "@tanstack/query-devtools": "5.84.0"
      },
      "funding": {
        "type": "github",
        "url": "https://github.com/sponsors/tannerlinsley"
      },
      "peerDependencies": {
        "@tanstack/react-query": "^5.85.2",
        "react": "^18 || ^19"
      }
    },
    "node_modules/react": {
      "version": "19.0.0",
      "license": "MIT",
      "peer": true,
      "engines": {
        "node": ">=0.10.0"
      }
    }
  }
}
